Microsoft Visual Studio Solution File, Format Version 12.00
# Visual Studio Version 17
VisualStudioVersion = 17.5.2.0
MinimumVisualStudioVersion = 10.0.40219.1
Project("{2150E333-8FDC-42A3-9474-1A3956D46DE8}") = "backend", "backend", "{1AE8ACA6-933B-BF2A-3671-3E2EAC007D16}"
EndProject
Project("{FAE04EC0-301F-11D3-BF4B-00C04F79EFBC}") = "MoralNavigator.API", "backend\MoralNavigator.API\MoralNavigator.API.csproj", "{36DF67C8-2BD4-E31E-D4C7-2D4B273E88BC}"
EndProject
Global
	GlobalSection(SolutionConfigurationPlatforms) = preSolution
		Debug|Any CPU = Debug|Any CPU
		Release|Any CPU = Release|Any CPU
	EndGlobalSection
	GlobalSection(ProjectConfigurationPlatforms) = postSolution
		{36DF67C8-2BD4-E31E-D4C7-2D4B273E88BC}.Debug|Any CPU.ActiveCfg = Debug|Any CPU
		{36DF67C8-2BD4-E31E-D4C7-2D4B273E88BC}.Debug|Any CPU.Build.0 = Debug|Any CPU
		{36DF67C8-2BD4-E31E-D4C7-2D4B273E88BC}.Release|Any CPU.ActiveCfg = Release|Any CPU
		{36DF67C8-2BD4-E31E-D4C7-2D4B273E88BC}.Release|Any CPU.Build.0 = Release|Any CPU
	EndGlobalSection
	GlobalSection(SolutionProperties) = preSolution
		HideSolutionNode = FALSE
	EndGlobalSection
	GlobalSection(NestedProjects) = preSolution
		{36DF67C8-2BD4-E31E-D4C7-2D4B273E88BC} = {1AE8ACA6-933B-BF2A-3671-3E2EAC007D16}
	EndGlobalSection
	GlobalSection(ExtensibilityGlobals) = postSolution
		SolutionGuid = {C51828FD-1A48-4C3D-A24A-7FDE41760BB4}
	EndGlobalSection
EndGlobal
